# THIS IS AN AUTOGENERATED FILE. DO NOT EDIT THIS FILE DIRECTLY.
# yarn lockfile v1


"@babel/runtime@^7.17.2":
  "integrity" "sha512-dQpEpK0O9o6lj6oPu0gRDbbnk+4LeHlNcBpspf6Olzt3GIX4P1lWF1gS+pHLDFlaJvbR6q7jCfQ08zA4QJBnmA=="
  "resolved" "https://registry.npmjs.org/@babel/runtime/-/runtime-7.17.8.tgz"
  "version" "7.17.8"
  dependencies:
    "regenerator-runtime" "^0.13.4"

"@codemirror/autocomplete@^0.19.0", "@codemirror/autocomplete@^0.19.14":
  "integrity" "sha512-4PqJG7GGTePc+FQF387RFebDV4ERvKj23gQBmzNtu64ZSHlYEGulwP5EIIfulBiaWEmei9TYVaMFmTdNfofpRQ=="
  "resolved" "https://registry.npmjs.org/@codemirror/autocomplete/-/autocomplete-0.19.14.tgz"
  "version" "0.19.14"
  dependencies:
    "@codemirror/language" "^0.19.0"
    "@codemirror/state" "^0.19.4"
    "@codemirror/text" "^0.19.2"
    "@codemirror/tooltip" "^0.19.12"
    "@codemirror/view" "^0.19.0"
    "@lezer/common" "^0.15.0"

"@codemirror/basic-setup@^0.19.1":
  "integrity" "sha512-gLjD7YgZU/we6BzS/ecCmD3viw83dsgv5ZUaSydYbYx9X4w4w9RqYnckcJ+0GDyHfNr5Jtfv2Z5ZtFQnBj0UDA=="
  "resolved" "https://registry.npmjs.org/@codemirror/basic-setup/-/basic-setup-0.19.1.tgz"
  "version" "0.19.1"
  dependencies:
    "@codemirror/autocomplete" "^0.19.0"
    "@codemirror/closebrackets" "^0.19.0"
    "@codemirror/commands" "^0.19.0"
    "@codemirror/comment" "^0.19.0"
    "@codemirror/fold" "^0.19.0"
    "@codemirror/gutter" "^0.19.0"
    "@codemirror/highlight" "^0.19.0"
    "@codemirror/history" "^0.19.0"
    "@codemirror/language" "^0.19.0"
    "@codemirror/lint" "^0.19.0"
    "@codemirror/matchbrackets" "^0.19.0"
    "@codemirror/rectangular-selection" "^0.19.0"
    "@codemirror/search" "^0.19.0"
    "@codemirror/state" "^0.19.0"
    "@codemirror/view" "^0.19.31"

"@codemirror/closebrackets@^0.19.0":
  "integrity" "sha512-ZiLXT6u+VuBK5QnfBbt/Vmfd9Pg6449wn1DIOWFZHUOldg5eFn3VGGjYY2XWuHQz5WuK+7dXamV2KE885O1gyA=="
  "resolved" "https://registry.npmjs.org/@codemirror/closebrackets/-/closebrackets-0.19.1.tgz"
  "version" "0.19.1"
  dependencies:
    "@codemirror/language" "^0.19.0"
    "@codemirror/rangeset" "^0.19.0"
    "@codemirror/state" "^0.19.2"
    "@codemirror/text" "^0.19.0"
    "@codemirror/view" "^0.19.44"

"@codemirror/commands@^0.19.0":
  "integrity" "sha512-65LIMSGUGGpY3oH6mzV46YWRrgao6NmfJ+AuC7jNz3K5NPnH6GCV1H5I6SwOFyVbkiygGyd0EFwrWqywTBD1aw=="
  "resolved" "https://registry.npmjs.org/@codemirror/commands/-/commands-0.19.8.tgz"
  "version" "0.19.8"
  dependencies:
    "@codemirror/language" "^0.19.0"
    "@codemirror/matchbrackets" "^0.19.0"
    "@codemirror/state" "^0.19.2"
    "@codemirror/text" "^0.19.6"
    "@codemirror/view" "^0.19.22"
    "@lezer/common" "^0.15.0"

"@codemirror/comment@^0.19.0":
  "integrity" "sha512-uGKteBuVWAC6fW+Yt8u27DOnXMT/xV4Ekk2Z5mRsiADCZDqYvryrJd6PLL5+8t64BVyocwQwNfz1UswYS2CtFQ=="
  "resolved" "https://registry.npmjs.org/@codemirror/comment/-/comment-0.19.1.tgz"
  "version" "0.19.1"
  dependencies:
    "@codemirror/state" "^0.19.9"
    "@codemirror/text" "^0.19.0"
    "@codemirror/view" "^0.19.0"

"@codemirror/fold@^0.19.0":
  "integrity" "sha512-8hT+Eq2G68mL0yPRvSD2ewhnLQAX6sbUJmtGVKFcj8oAXtfpYCX8LIcfXsuI19Qs7gZkOSpqZvn+KKj8IhZoAw=="
  "resolved" "https://registry.npmjs.org/@codemirror/fold/-/fold-0.19.3.tgz"
  "version" "0.19.3"
  dependencies:
    "@codemirror/gutter" "^0.19.0"
    "@codemirror/language" "^0.19.0"
    "@codemirror/rangeset" "^0.19.0"
    "@codemirror/state" "^0.19.0"
    "@codemirror/view" "^0.19.22"

"@codemirror/gutter@^0.19.0", "@codemirror/gutter@^0.19.4":
  "integrity" "sha512-PFrtmilahin1g6uL27aG5tM/rqR9DZzZYZsIrCXA5Uc2OFTFqx4owuhoU9hqfYxHp5ovfvBwQ+txFzqS4vog6Q=="
  "resolved" "https://registry.npmjs.org/@codemirror/gutter/-/gutter-0.19.9.tgz"
  "version" "0.19.9"
  dependencies:
    "@codemirror/rangeset" "^0.19.0"
    "@codemirror/state" "^0.19.0"
    "@codemirror/view" "^0.19.23"

"@codemirror/highlight@^0.19.0":
  "integrity" "sha512-3W32hBCY0pbbv/xidismw+RDMKuIag+fo4kZIbD7WoRj+Ttcaxjf+vP6RttRHXLaaqbWh031lTeON8kMlDhMYw=="
  "resolved" "https://registry.npmjs.org/@codemirror/highlight/-/highlight-0.19.7.tgz"
  "version" "0.19.7"
  dependencies:
    "@codemirror/language" "^0.19.0"
    "@codemirror/rangeset" "^0.19.0"
    "@codemirror/state" "^0.19.3"
    "@codemirror/view" "^0.19.0"
    "@lezer/common" "^0.15.0"
    "style-mod" "^4.0.0"

"@codemirror/history@^0.19.0":
  "integrity" "sha512-unhP4t3N2smzmHoo/Yio6ueWi+il8gm9VKrvi6wlcdGH5fOfVDNkmjHQ495SiR+EdOG35+3iNebSPYww0vN7ow=="
  "resolved" "https://registry.npmjs.org/@codemirror/history/-/history-0.19.2.tgz"
  "version" "0.19.2"
  dependencies:
    "@codemirror/state" "^0.19.2"
    "@codemirror/view" "^0.19.0"

"@codemirror/lang-java@^0.19.1":
  "integrity" "sha512-yA3kcW2GgY0mC2a9dE+uRxGxPWeykfE/GqEPk4TSmhuU4ndmyDgM5QQP7pgnYSZmv2vKoyf4x7NMg8AF7lKXHQ=="
  "resolved" "https://registry.npmjs.org/@codemirror/lang-java/-/lang-java-0.19.1.tgz"
  "version" "0.19.1"
  dependencies:
    "@codemirror/highlight" "^0.19.0"
    "@codemirror/language" "^0.19.0"
    "@lezer/java" "^0.15.0"

"@codemirror/language@^0.19.0":
  "integrity" "sha512-KhRne8qmzSKkaw+qhkwgNsPKxmThlyeJ3umfc33B9kJzVP7xhTkwX2MEPl0almM3brxMi+lPYx7gCPOy1gHsWw=="
  "resolved" "https://registry.npmjs.org/@codemirror/language/-/language-0.19.8.tgz"
  "version" "0.19.8"
  dependencies:
    "@codemirror/state" "^0.19.0"
    "@codemirror/text" "^0.19.0"
    "@codemirror/view" "^0.19.0"
    "@lezer/common" "^0.15.5"
    "@lezer/lr" "^0.15.0"

"@codemirror/lint@^0.19.0":
  "integrity" "sha512-Pbw1Y5kHVs2J+itQ0uez3dI4qY9ApYVap7eNfV81x1/3/BXgBkKfadaw0gqJ4h4FDG7OnJwb0VbPsjJQllHjaA=="
  "resolved" "https://registry.npmjs.org/@codemirror/lint/-/lint-0.19.6.tgz"
  "version" "0.19.6"
  dependencies:
    "@codemirror/gutter" "^0.19.4"
    "@codemirror/panel" "^0.19.0"
    "@codemirror/rangeset" "^0.19.1"
    "@codemirror/state" "^0.19.4"
    "@codemirror/tooltip" "^0.19.16"
    "@codemirror/view" "^0.19.22"
    "crelt" "^1.0.5"

"@codemirror/matchbrackets@^0.19.0":
  "integrity" "sha512-VFkaOKPNudAA5sGP1zikRHCEKU0hjYmkKpr04pybUpQvfTvNJXlReCyP0rvH/1iEwAGPL990ZTT+QrLdu4MeEA=="
  "resolved" "https://registry.npmjs.org/@codemirror/matchbrackets/-/matchbrackets-0.19.4.tgz"
  "version" "0.19.4"
  dependencies:
    "@codemirror/language" "^0.19.0"
    "@codemirror/state" "^0.19.0"
    "@codemirror/view" "^0.19.0"
    "@lezer/common" "^0.15.0"

"@codemirror/panel@^0.19.0":
  "integrity" "sha512-sYeOCMA3KRYxZYJYn5PNlt9yNsjy3zTNTrbYSfVgjgL9QomIVgOJWPO5hZ2sTN8lufO6lw0vTBsIPL9MSidmBg=="
  "resolved" "https://registry.npmjs.org/@codemirror/panel/-/panel-0.19.1.tgz"
  "version" "0.19.1"
  dependencies:
    "@codemirror/state" "^0.19.0"
    "@codemirror/view" "^0.19.0"

"@codemirror/rangeset@^0.19.0", "@codemirror/rangeset@^0.19.1", "@codemirror/rangeset@^0.19.5":
  "integrity" "sha512-V8YUuOvK+ew87Xem+71nKcqu1SXd5QROMRLMS/ljT5/3MCxtgrRie1Cvild0G/Z2f1fpWxzX78V0U4jjXBorBQ=="
  "resolved" "https://registry.npmjs.org/@codemirror/rangeset/-/rangeset-0.19.9.tgz"
  "version" "0.19.9"
  dependencies:
    "@codemirror/state" "^0.19.0"

"@codemirror/rectangular-selection@^0.19.0":
  "integrity" "sha512-9ElnqOg3mpZIWe0prPRd1SZ48Q9QB3bR8Aocq8UtjboJSUG8ABhRrbuTZMW/rMqpBPSjVpCe9xkCCkEQMYQVmw=="
  "resolved" "https://registry.npmjs.org/@codemirror/rectangular-selection/-/rectangular-selection-0.19.1.tgz"
  "version" "0.19.1"
  dependencies:
    "@codemirror/state" "^0.19.0"
    "@codemirror/text" "^0.19.4"
    "@codemirror/view" "^0.19.0"

"@codemirror/search@^0.19.0":
  "integrity" "sha512-h3MuwbUbiyOp6Np3IB5r4LH0w4inZvbtLO1Ipmz8RhElcGRiYr11Q6Bim8ocLfe08RmZT6B5EkTj1E8eNlugQQ=="
  "resolved" "https://registry.npmjs.org/@codemirror/search/-/search-0.19.9.tgz"
  "version" "0.19.9"
  dependencies:
    "@codemirror/panel" "^0.19.0"
    "@codemirror/rangeset" "^0.19.0"
    "@codemirror/state" "^0.19.3"
    "@codemirror/text" "^0.19.0"
    "@codemirror/view" "^0.19.34"
    "crelt" "^1.0.5"

"@codemirror/state@^0.19.0", "@codemirror/state@^0.19.2", "@codemirror/state@^0.19.3", "@codemirror/state@^0.19.4", "@codemirror/state@^0.19.9":
  "integrity" "sha512-psOzDolKTZkx4CgUqhBQ8T8gBc0xN5z4gzed109aF6x7D7umpDRoimacI/O6d9UGuyl4eYuDCZmDFr2Rq7aGOw=="
  "resolved" "https://registry.npmjs.org/@codemirror/state/-/state-0.19.9.tgz"
  "version" "0.19.9"
  dependencies:
    "@codemirror/text" "^0.19.0"

"@codemirror/text@^0.19.0", "@codemirror/text@^0.19.2", "@codemirror/text@^0.19.4", "@codemirror/text@^0.19.6":
  "integrity" "sha512-T9jnREMIygx+TPC1bOuepz18maGq/92q2a+n4qTqObKwvNMg+8cMTslb8yxeEDEq7S3kpgGWxgO1UWbQRij0dA=="
  "resolved" "https://registry.npmjs.org/@codemirror/text/-/text-0.19.6.tgz"
  "version" "0.19.6"

"@codemirror/theme-one-dark@^0.19.1":
  "integrity" "sha512-8gc4c2k2o/EhyHoWkghCxp5vyDT96JaFGtRy35PHwIom0LZdx7aU4AbDUnITvwiFB+0+i54VO+WQjBqgTyJvqg=="
  "resolved" "https://registry.npmjs.org/@codemirror/theme-one-dark/-/theme-one-dark-0.19.1.tgz"
  "version" "0.19.1"
  dependencies:
    "@codemirror/highlight" "^0.19.0"
    "@codemirror/state" "^0.19.0"
    "@codemirror/view" "^0.19.0"

"@codemirror/tooltip@^0.19.12", "@codemirror/tooltip@^0.19.16":
  "integrity" "sha512-zxKDHryUV5/RS45AQL+wOeN+i7/l81wK56OMnUPoTSzCWNITfxHn7BToDsjtrRKbzHqUxKYmBnn/4hPjpZ4WJQ=="
  "resolved" "https://registry.npmjs.org/@codemirror/tooltip/-/tooltip-0.19.16.tgz"
  "version" "0.19.16"
  dependencies:
    "@codemirror/state" "^0.19.0"
    "@codemirror/view" "^0.19.0"

"@codemirror/view@^0.19.0", "@codemirror/view@^0.19.22", "@codemirror/view@^0.19.23", "@codemirror/view@^0.19.31", "@codemirror/view@^0.19.34", "@codemirror/view@^0.19.44", "@codemirror/view@^0.19.45":
  "integrity" "sha512-SfbagKvJQl5dtt+9wYpo9sa3ZkMgUxTq+/hXDf0KVwIx+zu3cJIqfEm9xSx6yXkq7it7RsPGHaPasApNffF/8g=="
  "resolved" "https://registry.npmjs.org/@codemirror/view/-/view-0.19.47.tgz"
  "version" "0.19.47"
  dependencies:
    "@codemirror/rangeset" "^0.19.5"
    "@codemirror/state" "^0.19.3"
    "@codemirror/text" "^0.19.0"
    "style-mod" "^4.0.0"
    "w3c-keyname" "^2.2.4"

"@lezer/common@^0.15.0", "@lezer/common@^0.15.5":
  "integrity" "sha512-edfwCxNLnzq5pBA/yaIhwJ3U3Kz8VAUOTRg0hhxaizaI1N+qxV7EXDv/kLCkLeq2RzSFvxexlaj5Mzfn2kY0Ig=="
  "resolved" "https://registry.npmjs.org/@lezer/common/-/common-0.15.12.tgz"
  "version" "0.15.12"

"@lezer/java@^0.15.0":
  "integrity" "sha512-Od2Ugo93XjLxCIEKlrwJfacmSMd7lEnkVQgBjMsZofjwEKZ2Y2ue6URntMFFiftTlNXbE29vYbweWYluEq+Cdw=="
  "resolved" "https://registry.npmjs.org/@lezer/java/-/java-0.15.0.tgz"
  "version" "0.15.0"
  dependencies:
    "@lezer/lr" "^0.15.0"

"@lezer/lr@^0.15.0":
  "integrity" "sha512-bM6oE6VQZ6hIFxDNKk8bKPa14hqFrV07J/vHGOeiAbJReIaQXmkVb6xQu4MR+JBTLa5arGRyAAjJe1qaQt3Uvg=="
  "resolved" "https://registry.npmjs.org/@lezer/lr/-/lr-0.15.8.tgz"
  "version" "0.15.8"
  dependencies:
    "@lezer/common" "^0.15.0"

"@next/env@12.1.1":
  "integrity" "sha512-VmTRkfo/IXOQCATndjW3OjKb8zmAuB07eDdzO9XvuXZP87SyvnCYw3jrhUuFhOe/FVsKiloafa5LJfToUpvjUQ=="
  "resolved" "https://registry.npmjs.org/@next/env/-/env-12.1.1.tgz"
  "version" "12.1.1"

"@next/swc-darwin-x64@12.1.1":
  "integrity" "sha512-2VOsA6WLDuDBA6935djohWGGeUIKeQhXwDwu1CKx1b8+6YMMIvFr/y2dpPWoct+5/IjFz84a2MnbABwpoNB9YA=="
  "resolved" "https://registry.npmjs.org/@next/swc-darwin-x64/-/swc-darwin-x64-12.1.1.tgz"
  "version" "12.1.1"

"@types/node@^17.0.23":
  "integrity" "sha512-UxDxWn7dl97rKVeVS61vErvw086aCYhDLyvRQZ5Rk65rZKepaFdm53GeqXaKBuOhED4e9uWq34IC3TdSdJJ2Gw=="
  "resolved" "https://registry.npmjs.org/@types/node/-/node-17.0.23.tgz"
  "version" "17.0.23"

"@types/prop-types@*":
  "integrity" "sha512-rZ5drC/jWjrArrS8BR6SIr4cWpW09RNTYt9AMZo3Jwwif+iacXAqgVjm0B0Bv/S1jhDXKHqRVNCbACkJ89RAnQ=="
  "resolved" "https://registry.npmjs.org/@types/prop-types/-/prop-types-15.7.4.tgz"
  "version" "15.7.4"

"@types/react-dom@^17.0.14":
  "integrity" "sha512-H03xwEP1oXmSfl3iobtmQ/2dHF5aBHr8aUMwyGZya6OW45G+xtdzmq6HkncefiBt5JU8DVyaWl/nWZbjZCnzAQ=="
  "resolved" "https://registry.npmjs.org/@types/react-dom/-/react-dom-17.0.14.tgz"
  "version" "17.0.14"
  dependencies:
    "@types/react" "*"

"@types/react@*", "@types/react@^17.0.41":
  "integrity" "sha512-chYZ9ogWUodyC7VUTRBfblysKLjnohhFY9bGLwvnUFFy48+vB9DikmB3lW0qTFmBcKSzmdglcvkHK71IioOlDA=="
  "resolved" "https://registry.npmjs.org/@types/react/-/react-17.0.41.tgz"
  "version" "17.0.41"
  dependencies:
    "@types/prop-types" "*"
    "@types/scheduler" "*"
    "csstype" "^3.0.2"

"@types/scheduler@*":
  "integrity" "sha512-hppQEBDmlwhFAXKJX2KnWLYu5yMfi91yazPb2l+lbJiwW+wdo1gNeRA+3RgNSO39WYX2euey41KEwnqesU2Jew=="
  "resolved" "https://registry.npmjs.org/@types/scheduler/-/scheduler-0.16.2.tgz"
  "version" "0.16.2"

"@uiw/react-codemirror@^4.5.1":
  "integrity" "sha512-90SNE89uJOQgcZwV0fuZjCgDeH7pjagCqwOcYHvDG5Qedp2nKmb4/2mgDCtLBxTGKxb73ktUOkbdu3L05ck1Yg=="
  "resolved" "https://registry.npmjs.org/@uiw/react-codemirror/-/react-codemirror-4.5.1.tgz"
  "version" "4.5.1"
  dependencies:
    "@babel/runtime" "^7.17.2"
    "@codemirror/basic-setup" "^0.19.1"
    "@codemirror/state" "^0.19.9"
    "@codemirror/theme-one-dark" "^0.19.1"
    "@codemirror/view" "^0.19.45"

"add@^2.0.6":
  "integrity" "sha1-JI8Kn25aUo7yKV2+7DBTITCuIjU="
  "resolved" "https://registry.npmjs.org/add/-/add-2.0.6.tgz"
  "version" "2.0.6"

"antlr4-c3@^2.2.1":
  "integrity" "sha512-1I1pWahqrgox35Ewufw31UUikYc2jwQE6V0i5q7tGOpzf8W78isaGZSxQn96Edn5pjQl8MISX17bEv4bLBEp/w=="
  "resolved" "https://registry.npmjs.org/antlr4-c3/-/antlr4-c3-2.2.1.tgz"
  "version" "2.2.1"
  dependencies:
    "antlr4ts" "^0.5.0-alpha.4"

"antlr4ts-cli@^0.5.0-alpha.4":
  "integrity" "sha512-lVPVBTA2CVHRYILSKilL6Jd4hAumhSZZWA7UbQNQrmaSSj7dPmmYaN4bOmZG79cOy0lS00i4LY68JZZjZMWVrw=="
  "resolved" "https://registry.npmjs.org/antlr4ts-cli/-/antlr4ts-cli-0.5.0-alpha.4.tgz"
  "version" "0.5.0-alpha.4"

"antlr4ts@^0.5.0-alpha.4":
  "integrity" "sha512-WPQDt1B74OfPv/IMS2ekXAKkTZIHl88uMetg6q3OTqgFxZ/dxDXI0EWLyZid/1Pe6hTftyg5N7gel5wNAGxXyQ=="
  "resolved" "https://registry.npmjs.org/antlr4ts/-/antlr4ts-0.5.0-alpha.4.tgz"
  "version" "0.5.0-alpha.4"

"assert@^2.0.0":
  "integrity" "sha512-se5Cd+js9dXJnu6Ag2JFc00t+HmHOen+8Q+L7O9zI0PqQXr20uk2J0XQqMxZEeo5U50o8Nvmmx7dZrl+Ufr35A=="
  "resolved" "https://registry.npmjs.org/assert/-/assert-2.0.0.tgz"
  "version" "2.0.0"
  dependencies:
    "es6-object-assign" "^1.1.0"
    "is-nan" "^1.2.1"
    "object-is" "^1.0.1"
    "util" "^0.12.0"

"available-typed-arrays@^1.0.5":
  "integrity" "sha512-DMD0KiN46eipeziST1LPP/STfDU0sufISXmjSgvVsoU2tqxctQeASejWcfNtxYKqETM1UxQ8sp2OrSBWpHY6sw=="
  "resolved" "https://registry.npmjs.org/available-typed-arrays/-/available-typed-arrays-1.0.5.tgz"
  "version" "1.0.5"

"call-bind@^1.0.0", "call-bind@^1.0.2":
  "integrity" "sha512-7O+FbCihrB5WGbFYesctwmTKae6rOiIzmz1icreWJ+0aA7LJfuqhEso2T9ncpcFtzMQtzXf2QGGueWJGTYsqrA=="
  "resolved" "https://registry.npmjs.org/call-bind/-/call-bind-1.0.2.tgz"
  "version" "1.0.2"
  dependencies:
    "function-bind" "^1.1.1"
    "get-intrinsic" "^1.0.2"

"caniuse-lite@^1.0.30001283":
  "integrity" "sha512-xjlIAFHucBRSMUo1kb5D4LYgcN1M45qdKP++lhqowDpwJwGkpIRTt5qQqnhxjj1vHcI7nrJxWhCC1ATrCEBTcw=="
  "resolved" "https://registry.npmjs.org/caniuse-lite/-/caniuse-lite-1.0.30001319.tgz"
  "version" "1.0.30001319"

"crelt@^1.0.5":
  "integrity" "sha512-+BO9wPPi+DWTDcNYhr/W90myha8ptzftZT+LwcmUbbok0rcP/fequmFYCw8NMoH7pkAZQzU78b3kYrlua5a9eA=="
  "resolved" "https://registry.npmjs.org/crelt/-/crelt-1.0.5.tgz"
  "version" "1.0.5"

"csstype@^3.0.2":
  "integrity" "sha512-sa6P2wJ+CAbgyy4KFssIb/JNMLxFvKF1pCYCSXS8ZMuqZnMsrxqI2E5sPyoTpxoPU/gVZMzr2zjOfg8GIZOMsw=="
  "resolved" "https://registry.npmjs.org/csstype/-/csstype-3.0.11.tgz"
  "version" "3.0.11"

"define-properties@^1.1.3":
  "integrity" "sha512-3MqfYKj2lLzdMSf8ZIZE/V+Zuy+BgD6f164e8K2w7dgnpKArBDerGYpM46IYYcjnkdPNMjPk9A6VFB8+3SKlXQ=="
  "resolved" "https://registry.npmjs.org/define-properties/-/define-properties-1.1.3.tgz"
  "version" "1.1.3"
  dependencies:
    "object-keys" "^1.0.12"

"es-abstract@^1.18.5":
  "integrity" "sha512-2vJ6tjA/UfqLm2MPs7jxVybLoB8i1t1Jd9R3kISld20sIxPcTbLuggQOUxeWeAvIUkduv/CfMjuh4WmiXr2v9w=="
  "resolved" "https://registry.npmjs.org/es-abstract/-/es-abstract-1.19.1.tgz"
  "version" "1.19.1"
  dependencies:
    "call-bind" "^1.0.2"
    "es-to-primitive" "^1.2.1"
    "function-bind" "^1.1.1"
    "get-intrinsic" "^1.1.1"
    "get-symbol-description" "^1.0.0"
    "has" "^1.0.3"
    "has-symbols" "^1.0.2"
    "internal-slot" "^1.0.3"
    "is-callable" "^1.2.4"
    "is-negative-zero" "^2.0.1"
    "is-regex" "^1.1.4"
    "is-shared-array-buffer" "^1.0.1"
    "is-string" "^1.0.7"
    "is-weakref" "^1.0.1"
    "object-inspect" "^1.11.0"
    "object-keys" "^1.1.1"
    "object.assign" "^4.1.2"
    "string.prototype.trimend" "^1.0.4"
    "string.prototype.trimstart" "^1.0.4"
    "unbox-primitive" "^1.0.1"

"es-to-primitive@^1.2.1":
  "integrity" "sha512-QCOllgZJtaUo9miYBcLChTUaHNjJF3PYs1VidD7AwiEj1kYxKeQTctLAezAOH5ZKRH0g2IgPn6KwB4IT8iRpvA=="
  "resolved" "https://registry.npmjs.org/es-to-primitive/-/es-to-primitive-1.2.1.tgz"
  "version" "1.2.1"
  dependencies:
    "is-callable" "^1.1.4"
    "is-date-object" "^1.0.1"
    "is-symbol" "^1.0.2"

"es6-object-assign@^1.1.0":
  "integrity" "sha1-wsNYJlYkfDnqEHyx5mUrb58kUjw="
  "resolved" "https://registry.npmjs.org/es6-object-assign/-/es6-object-assign-1.1.0.tgz"
  "version" "1.1.0"

"foreach@^2.0.5":
  "integrity" "sha1-C+4AUBiusmDQo6865ljdATbsG5k="
  "resolved" "https://registry.npmjs.org/foreach/-/foreach-2.0.5.tgz"
  "version" "2.0.5"

"function-bind@^1.1.1":
  "integrity" "sha512-yIovAzMX49sF8Yl58fSCWJ5svSLuaibPxXQJFLmBObTuCr0Mf1KiPopGM9NiFjiYBCbfaa2Fh6breQ6ANVTI0A=="
  "resolved" "https://registry.npmjs.org/function-bind/-/function-bind-1.1.1.tgz"
  "version" "1.1.1"

"get-intrinsic@^1.0.2", "get-intrinsic@^1.1.0", "get-intrinsic@^1.1.1":
  "integrity" "sha512-kWZrnVM42QCiEA2Ig1bG8zjoIMOgxWwYCEeNdwY6Tv/cOSeGpcoX4pXHfKUxNKVoArnrEr2e9srnAxxGIraS9Q=="
  "resolved" "https://registry.npmjs.org/get-intrinsic/-/get-intrinsic-1.1.1.tgz"
  "version" "1.1.1"
  dependencies:
    "function-bind" "^1.1.1"
    "has" "^1.0.3"
    "has-symbols" "^1.0.1"

"get-symbol-description@^1.0.0":
  "integrity" "sha512-2EmdH1YvIQiZpltCNgkuiUnyukzxM/R6NDJX31Ke3BG1Nq5b0S2PhX59UKi9vZpPDQVdqn+1IcaAwnzTT5vCjw=="
  "resolved" "https://registry.npmjs.org/get-symbol-description/-/get-symbol-description-1.0.0.tgz"
  "version" "1.0.0"
  dependencies:
    "call-bind" "^1.0.2"
    "get-intrinsic" "^1.1.1"

"has-bigints@^1.0.1":
  "integrity" "sha512-LSBS2LjbNBTf6287JEbEzvJgftkF5qFkmCo9hDRpAzKhUOlJ+hx8dd4USs00SgsUNwc4617J9ki5YtEClM2ffA=="
  "resolved" "https://registry.npmjs.org/has-bigints/-/has-bigints-1.0.1.tgz"
  "version" "1.0.1"

"has-symbols@^1.0.1", "has-symbols@^1.0.2":
  "integrity" "sha512-l3LCuF6MgDNwTDKkdYGEihYjt5pRPbEg46rtlmnSPlUbgmB8LOIrKJbYYFBSbnPaJexMKtiPO8hmeRjRz2Td+A=="
  "resolved" "https://registry.npmjs.org/has-symbols/-/has-symbols-1.0.3.tgz"
  "version" "1.0.3"

"has-tostringtag@^1.0.0":
  "integrity" "sha512-kFjcSNhnlGV1kyoGk7OXKSawH5JOb/LzUc5w9B02hOTO0dfFRjbHQKvg1d6cf3HbeUmtU9VbbV3qzZ2Teh97WQ=="
  "resolved" "https://registry.npmjs.org/has-tostringtag/-/has-tostringtag-1.0.0.tgz"
  "version" "1.0.0"
  dependencies:
    "has-symbols" "^1.0.2"

"has@^1.0.3":
  "integrity" "sha512-f2dvO0VU6Oej7RkWJGrehjbzMAjFp5/VKPp5tTpWIV4JHHZK1/BxbFRtf/siA2SWTe09caDmVtYYzWEIbBS4zw=="
  "resolved" "https://registry.npmjs.org/has/-/has-1.0.3.tgz"
  "version" "1.0.3"
  dependencies:
    "function-bind" "^1.1.1"

"inherits@^2.0.3":
  "integrity" "sha512-k/vGaX4/Yla3WzyMCvTQOXYeIHvqOKtnqBduzTHpzpQZzAskKMhZ2K+EnBiSM9zGSoIFeMpXKxa4dYeZIQqewQ=="
  "resolved" "https://registry.npmjs.org/inherits/-/inherits-2.0.4.tgz"
  "version" "2.0.4"

"internal-slot@^1.0.3":
  "integrity" "sha512-O0DB1JC/sPyZl7cIo78n5dR7eUSwwpYPiXRhTzNxZVAMUuB8vlnRFyLxdrVToks6XPLVnFfbzaVd5WLjhgg+vA=="
  "resolved" "https://registry.npmjs.org/internal-slot/-/internal-slot-1.0.3.tgz"
  "version" "1.0.3"
  dependencies:
    "get-intrinsic" "^1.1.0"
    "has" "^1.0.3"
    "side-channel" "^1.0.4"

"is-arguments@^1.0.4":
  "integrity" "sha512-8Q7EARjzEnKpt/PCD7e1cgUS0a6X8u5tdSiMqXhojOdoV9TsMsiO+9VLC5vAmO8N7/GmXn7yjR8qnA6bVAEzfA=="
  "resolved" "https://registry.npmjs.org/is-arguments/-/is-arguments-1.1.1.tgz"
  "version" "1.1.1"
  dependencies:
    "call-bind" "^1.0.2"
    "has-tostringtag" "^1.0.0"

"is-bigint@^1.0.1":
  "integrity" "sha512-zB9CruMamjym81i2JZ3UMn54PKGsQzsJeo6xvN3HJJ4CAsQNB6iRutp2To77OfCNuoxspsIhzaPoO1zyCEhFOg=="
  "resolved" "https://registry.npmjs.org/is-bigint/-/is-bigint-1.0.4.tgz"
  "version" "1.0.4"
  dependencies:
    "has-bigints" "^1.0.1"

"is-boolean-object@^1.1.0":
  "integrity" "sha512-gDYaKHJmnj4aWxyj6YHyXVpdQawtVLHU5cb+eztPGczf6cjuTdwve5ZIEfgXqH4e57An1D1AKf8CZ3kYrQRqYA=="
  "resolved" "https://registry.npmjs.org/is-boolean-object/-/is-boolean-object-1.1.2.tgz"
  "version" "1.1.2"
  dependencies:
    "call-bind" "^1.0.2"
    "has-tostringtag" "^1.0.0"

"is-callable@^1.1.4", "is-callable@^1.2.4":
  "integrity" "sha512-nsuwtxZfMX67Oryl9LCQ+upnC0Z0BgpwntpS89m1H/TLF0zNfzfLMV/9Wa/6MZsj0acpEjAO0KF1xT6ZdLl95w=="
  "resolved" "https://registry.npmjs.org/is-callable/-/is-callable-1.2.4.tgz"
  "version" "1.2.4"

"is-date-object@^1.0.1":
  "integrity" "sha512-9YQaSxsAiSwcvS33MBk3wTCVnWK+HhF8VZR2jRxehM16QcVOdHqPn4VPHmRK4lSr38n9JriurInLcP90xsYNfQ=="
  "resolved" "https://registry.npmjs.org/is-date-object/-/is-date-object-1.0.5.tgz"
  "version" "1.0.5"
  dependencies:
    "has-tostringtag" "^1.0.0"

"is-generator-function@^1.0.7":
  "integrity" "sha512-jsEjy9l3yiXEQ+PsXdmBwEPcOxaXWLspKdplFUVI9vq1iZgIekeC0L167qeu86czQaxed3q/Uzuw0swL0irL8A=="
  "resolved" "https://registry.npmjs.org/is-generator-function/-/is-generator-function-1.0.10.tgz"
  "version" "1.0.10"
  dependencies:
    "has-tostringtag" "^1.0.0"

"is-nan@^1.2.1":
  "integrity" "sha512-E+zBKpQ2t6MEo1VsonYmluk9NxGrbzpeeLC2xIViuO2EjU2xsXsBPwTr3Ykv9l08UYEVEdWeRZNouaZqF6RN0w=="
  "resolved" "https://registry.npmjs.org/is-nan/-/is-nan-1.3.2.tgz"
  "version" "1.3.2"
  dependencies:
    "call-bind" "^1.0.0"
    "define-properties" "^1.1.3"

"is-negative-zero@^2.0.1":
  "integrity" "sha512-dqJvarLawXsFbNDeJW7zAz8ItJ9cd28YufuuFzh0G8pNHjJMnY08Dv7sYX2uF5UpQOwieAeOExEYAWWfu7ZZUA=="
  "resolved" "https://registry.npmjs.org/is-negative-zero/-/is-negative-zero-2.0.2.tgz"
  "version" "2.0.2"

"is-number-object@^1.0.4":
  "integrity" "sha512-bEVOqiRcvo3zO1+G2lVMy+gkkEm9Yh7cDMRusKKu5ZJKPUYSJwICTKZrNKHA2EbSP0Tu0+6B/emsYNHZyn6K8g=="
  "resolved" "https://registry.npmjs.org/is-number-object/-/is-number-object-1.0.6.tgz"
  "version" "1.0.6"
  dependencies:
    "has-tostringtag" "^1.0.0"

"is-regex@^1.1.4":
  "integrity" "sha512-kvRdxDsxZjhzUX07ZnLydzS1TU/TJlTUHHY4YLL87e37oUA49DfkLqgy+VjFocowy29cKvcSiu+kIv728jTTVg=="
  "resolved" "https://registry.npmjs.org/is-regex/-/is-regex-1.1.4.tgz"
  "version" "1.1.4"
  dependencies:
    "call-bind" "^1.0.2"
    "has-tostringtag" "^1.0.0"

"is-shared-array-buffer@^1.0.1":
  "integrity" "sha512-IU0NmyknYZN0rChcKhRO1X8LYz5Isj/Fsqh8NJOSf+N/hCOTwy29F32Ik7a+QszE63IdvmwdTPDd6cZ5pg4cwA=="
  "resolved" "https://registry.npmjs.org/is-shared-array-buffer/-/is-shared-array-buffer-1.0.1.tgz"
  "version" "1.0.1"

"is-string@^1.0.5", "is-string@^1.0.7":
  "integrity" "sha512-tE2UXzivje6ofPW7l23cjDOMa09gb7xlAqG6jG5ej6uPV32TlWP3NKPigtaGeHNu9fohccRYvIiZMfOOnOYUtg=="
  "resolved" "https://registry.npmjs.org/is-string/-/is-string-1.0.7.tgz"
  "version" "1.0.7"
  dependencies:
    "has-tostringtag" "^1.0.0"

"is-symbol@^1.0.2", "is-symbol@^1.0.3":
  "integrity" "sha512-C/CPBqKWnvdcxqIARxyOh4v1UUEOCHpgDa0WYgpKDFMszcrPcffg5uhwSgPCLD2WWxmq6isisz87tzT01tuGhg=="
  "resolved" "https://registry.npmjs.org/is-symbol/-/is-symbol-1.0.4.tgz"
  "version" "1.0.4"
  dependencies:
    "has-symbols" "^1.0.2"

"is-typed-array@^1.1.3", "is-typed-array@^1.1.7":
  "integrity" "sha512-HqH41TNZq2fgtGT8WHVFVJhBVGuY3AnP3Q36K8JKXUxSxRgk/d+7NjmwG2vo2mYmXK8UYZKu0qH8bVP5gEisjA=="
  "resolved" "https://registry.npmjs.org/is-typed-array/-/is-typed-array-1.1.8.tgz"
  "version" "1.1.8"
  dependencies:
    "available-typed-arrays" "^1.0.5"
    "call-bind" "^1.0.2"
    "es-abstract" "^1.18.5"
    "foreach" "^2.0.5"
    "has-tostringtag" "^1.0.0"

"is-weakref@^1.0.1":
  "integrity" "sha512-qctsuLZmIQ0+vSSMfoVvyFe2+GSEvnmZ2ezTup1SBse9+twCCeial6EEi3Nc2KFcf6+qz2FBPnjXsk8xhKSaPQ=="
  "resolved" "https://registry.npmjs.org/is-weakref/-/is-weakref-1.0.2.tgz"
  "version" "1.0.2"
  dependencies:
    "call-bind" "^1.0.2"

"js-tokens@^3.0.0 || ^4.0.0":
  "integrity" "sha512-RdJUflcE3cUzKiMqQgsCu06FPu9UdIJO0beYbPhHN4k6apgJtifcoCtT9bcxOpYBtpD2kCM6Sbzg4CausW/PKQ=="
  "resolved" "https://registry.npmjs.org/js-tokens/-/js-tokens-4.0.0.tgz"
  "version" "4.0.0"

"loose-envify@^1.1.0":
  "integrity" "sha512-lyuxPGr/Wfhrlem2CL/UcnUc1zcqKAImBDzukY7Y5F/yQiNdko6+fRLevlw1HgMySw7f611UIY408EtxRSoK3Q=="
  "resolved" "https://registry.npmjs.org/loose-envify/-/loose-envify-1.4.0.tgz"
  "version" "1.4.0"
  dependencies:
    "js-tokens" "^3.0.0 || ^4.0.0"

"nanoid@^3.1.30":
  "integrity" "sha512-n6Vs/3KGyxPQd6uO0eH4Bv0ojGSUvuLlIHtC3Y0kEO23YRge8H9x1GCzLn28YX0H66pMkxuaeESFq4tKISKwdw=="
  "resolved" "https://registry.npmjs.org/nanoid/-/nanoid-3.3.1.tgz"
  "version" "3.3.1"

"next@^12.1.1":
  "integrity" "sha512-IOfEIAgroMtsoYz6HXpDS+b5WB9WZ+MH266COXGlcpIiYSgUyJf9xV6vF+zY2RPvBJFT4fUW0EVdVnoOmTloDw=="
  "resolved" "https://registry.npmjs.org/next/-/next-12.1.1.tgz"
  "version" "12.1.1"
  dependencies:
    "@next/env" "12.1.1"
    "caniuse-lite" "^1.0.30001283"
    "postcss" "8.4.5"
    "styled-jsx" "5.0.1"
    "use-subscription" "1.5.1"
  optionalDependencies:
    "@next/swc-android-arm-eabi" "12.1.1"
    "@next/swc-android-arm64" "12.1.1"
    "@next/swc-darwin-arm64" "12.1.1"
    "@next/swc-darwin-x64" "12.1.1"
    "@next/swc-linux-arm-gnueabihf" "12.1.1"
    "@next/swc-linux-arm64-gnu" "12.1.1"
    "@next/swc-linux-arm64-musl" "12.1.1"
    "@next/swc-linux-x64-gnu" "12.1.1"
    "@next/swc-linux-x64-musl" "12.1.1"
    "@next/swc-win32-arm64-msvc" "12.1.1"
    "@next/swc-win32-ia32-msvc" "12.1.1"
    "@next/swc-win32-x64-msvc" "12.1.1"

"object-assign@^4.1.1":
  "integrity" "sha1-IQmtx5ZYh8/AXLvUQsrIv7s2CGM="
  "resolved" "https://registry.npmjs.org/object-assign/-/object-assign-4.1.1.tgz"
  "version" "4.1.1"

"object-inspect@^1.11.0", "object-inspect@^1.9.0":
  "integrity" "sha512-Ho2z80bVIvJloH+YzRmpZVQe87+qASmBUKZDWgx9cu+KDrX2ZDH/3tMy+gXbZETVGs2M8YdxObOh7XAtim9Y0g=="
  "resolved" "https://registry.npmjs.org/object-inspect/-/object-inspect-1.12.0.tgz"
  "version" "1.12.0"

"object-is@^1.0.1":
  "integrity" "sha512-3cyDsyHgtmi7I7DfSSI2LDp6SK2lwvtbg0p0R1e0RvTqF5ceGx+K2dfSjm1bKDMVCFEDAQvy+o8c6a7VujOddw=="
  "resolved" "https://registry.npmjs.org/object-is/-/object-is-1.1.5.tgz"
  "version" "1.1.5"
  dependencies:
    "call-bind" "^1.0.2"
    "define-properties" "^1.1.3"

"object-keys@^1.0.12", "object-keys@^1.1.1":
  "integrity" "sha512-NuAESUOUMrlIXOfHKzD6bpPu3tYt3xvjNdRIQ+FeT0lNb4K8WR70CaDxhuNguS2XG+GjkyMwOzsN5ZktImfhLA=="
  "resolved" "https://registry.npmjs.org/object-keys/-/object-keys-1.1.1.tgz"
  "version" "1.1.1"

"object.assign@^4.1.2":
  "integrity" "sha512-ixT2L5THXsApyiUPYKmW+2EHpXXe5Ii3M+f4e+aJFAHao5amFRW6J0OO6c/LU8Be47utCx2GL89hxGB6XSmKuQ=="
  "resolved" "https://registry.npmjs.org/object.assign/-/object.assign-4.1.2.tgz"
  "version" "4.1.2"
  dependencies:
    "call-bind" "^1.0.0"
    "define-properties" "^1.1.3"
    "has-symbols" "^1.0.1"
    "object-keys" "^1.1.1"

"picocolors@^1.0.0":
  "integrity" "sha512-1fygroTLlHu66zi26VoTDv8yRgm0Fccecssto+MhsZ0D/DGW2sm8E8AjW7NU5VVTRt5GxbeZ5qBuJr+HyLYkjQ=="
  "resolved" "https://registry.npmjs.org/picocolors/-/picocolors-1.0.0.tgz"
  "version" "1.0.0"

"postcss@8.4.5":
  "integrity" "sha512-jBDboWM8qpaqwkMwItqTQTiFikhs/67OYVvblFFTM7MrZjt6yMKd6r2kgXizEbTTljacm4NldIlZnhbjr84QYg=="
  "resolved" "https://registry.npmjs.org/postcss/-/postcss-8.4.5.tgz"
  "version" "8.4.5"
  dependencies:
    "nanoid" "^3.1.30"
    "picocolors" "^1.0.0"
    "source-map-js" "^1.0.1"

"react-dom@^17.0.1", "react-dom@^17.0.2 || ^18.0.0-0", "react-dom@>=16.8.0":
  "integrity" "sha512-s4h96KtLDUQlsENhMn1ar8t2bEa+q/YAtj8pPPdIjPDGBDIVNsrD9aXNWqspUe6AzKCIG0C1HZZLqLV7qpOBGA=="
  "resolved" "https://registry.npmjs.org/react-dom/-/react-dom-17.0.2.tgz"
  "version" "17.0.2"
  dependencies:
    "loose-envify" "^1.1.0"
    "object-assign" "^4.1.1"
    "scheduler" "^0.20.2"

"react@^16.8.0 || ^17.0.0", "react@^17.0.1", "react@^17.0.2 || ^18.0.0-0", "react@>= 16.8.0 || 17.x.x || ^18.0.0-0", "react@>=16.8.0", "react@17.0.2":
  "integrity" "sha512-gnhPt75i/dq/z3/6q/0asP78D0u592D5L1pd7M8P+dck6Fu/jJeL6iVVK23fptSUZj8Vjf++7wXA8UNclGQcbA=="
  "resolved" "https://registry.npmjs.org/react/-/react-17.0.2.tgz"
  "version" "17.0.2"
  dependencies:
    "loose-envify" "^1.1.0"
    "object-assign" "^4.1.1"

"regenerator-runtime@^0.13.4":
  "integrity" "sha512-p3VT+cOEgxFsRRA9X4lkI1E+k2/CtnKtU4gcxyaCUreilL/vqI6CdZ3wxVUx3UOUg+gnUOQQcRI7BmSI656MYA=="
  "resolved" "https://registry.npmjs.org/regenerator-runtime/-/regenerator-runtime-0.13.9.tgz"
  "version" "0.13.9"

"safe-buffer@^5.1.2":
  "integrity" "sha512-Gd2UZBJDkXlY7GbJxfsE8/nvKkUEU1G38c1siN6QP6a9PT9MmHB8GnpscSmMJSoF8LOIrt8ud/wPtojys4G6+g=="
  "resolved" "https://registry.npmjs.org/safe-buffer/-/safe-buffer-5.1.2.tgz"
  "version" "5.1.2"

"scheduler@^0.20.2":
  "integrity" "sha512-2eWfGgAqqWFGqtdMmcL5zCMK1U8KlXv8SQFGglL3CEtd0aDVDWgeF/YoCmvln55m5zSk3J/20hTaSBeSObsQDQ=="
  "resolved" "https://registry.npmjs.org/scheduler/-/scheduler-0.20.2.tgz"
  "version" "0.20.2"
  dependencies:
    "loose-envify" "^1.1.0"
    "object-assign" "^4.1.1"

"side-channel@^1.0.4":
  "integrity" "sha512-q5XPytqFEIKHkGdiMIrY10mvLRvnQh42/+GoBlFW3b2LXLE2xxJpZFdm94we0BaoV3RwJyGqg5wS7epxTv0Zvw=="
  "resolved" "https://registry.npmjs.org/side-channel/-/side-channel-1.0.4.tgz"
  "version" "1.0.4"
  dependencies:
    "call-bind" "^1.0.0"
    "get-intrinsic" "^1.0.2"
    "object-inspect" "^1.9.0"

"source-map-js@^1.0.1":
  "integrity" "sha512-R0XvVJ9WusLiqTCEiGCmICCMplcCkIwwR11mOSD9CR5u+IXYdiseeEuXCVAjS54zqwkLcPNnmU4OeJ6tUrWhDw=="
  "resolved" "https://registry.npmjs.org/source-map-js/-/source-map-js-1.0.2.tgz"
  "version" "1.0.2"

"string.prototype.trimend@^1.0.4":
  "integrity" "sha512-y9xCjw1P23Awk8EvTpcyL2NIr1j7wJ39f+k6lvRnSMz+mz9CGz9NYPelDk42kOz6+ql8xjfK8oYzy3jAP5QU5A=="
  "resolved" "https://registry.npmjs.org/string.prototype.trimend/-/string.prototype.trimend-1.0.4.tgz"
  "version" "1.0.4"
  dependencies:
    "call-bind" "^1.0.2"
    "define-properties" "^1.1.3"

"string.prototype.trimstart@^1.0.4":
  "integrity" "sha512-jh6e984OBfvxS50tdY2nRZnoC5/mLFKOREQfw8t5yytkoUsJRNxvI/E39qu1sD0OtWI3OC0XgKSmcWwziwYuZw=="
  "resolved" "https://registry.npmjs.org/string.prototype.trimstart/-/string.prototype.trimstart-1.0.4.tgz"
  "version" "1.0.4"
  dependencies:
    "call-bind" "^1.0.2"
    "define-properties" "^1.1.3"

"style-mod@^4.0.0":
  "integrity" "sha512-OPhtyEjyyN9x3nhPsu76f52yUGXiZcgvsrFVtvTkyGRQJ0XK+GPc6ov1z+lRpbeabka+MYEQxOYRnt5nF30aMw=="
  "resolved" "https://registry.npmjs.org/style-mod/-/style-mod-4.0.0.tgz"
  "version" "4.0.0"

"styled-jsx@5.0.1":
  "integrity" "sha512-+PIZ/6Uk40mphiQJJI1202b+/dYeTVd9ZnMPR80pgiWbjIwvN2zIp4r9et0BgqBuShh48I0gttPlAXA7WVvBxw=="
  "resolved" "https://registry.npmjs.org/styled-jsx/-/styled-jsx-5.0.1.tgz"
  "version" "5.0.1"

"typescript@^4.0.3":
  "integrity" "sha512-B3ZIOf1IKeH2ixgHhj6la6xdwR9QrLC5d1VKeCSY4tvkqhF2eqd9O7txNlS0PO3GrBAFIdr3L1ndNwteUbZLYg=="
  "resolved" "https://registry.npmjs.org/typescript/-/typescript-4.1.3.tgz"
  "version" "4.1.3"

"unbox-primitive@^1.0.1":
  "integrity" "sha512-tZU/3NqK3dA5gpE1KtyiJUrEB0lxnGkMFHptJ7q6ewdZ8s12QrODwNbhIJStmJkd1QDXa1NRA8aF2A1zk/Ypyw=="
  "resolved" "https://registry.npmjs.org/unbox-primitive/-/unbox-primitive-1.0.1.tgz"
  "version" "1.0.1"
  dependencies:
    "function-bind" "^1.1.1"
    "has-bigints" "^1.0.1"
    "has-symbols" "^1.0.2"
    "which-boxed-primitive" "^1.0.2"

"use-subscription@1.5.1":
  "integrity" "sha512-Xv2a1P/yReAjAbhylMfFplFKj9GssgTwN7RlcTxBujFQcloStWNDQdc4g4NRWH9xS4i/FDk04vQBptAXoF3VcA=="
  "resolved" "https://registry.npmjs.org/use-subscription/-/use-subscription-1.5.1.tgz"
  "version" "1.5.1"
  dependencies:
    "object-assign" "^4.1.1"

"util@^0.12.0", "util@^0.12.4":
  "integrity" "sha512-bxZ9qtSlGUWSOy9Qa9Xgk11kSslpuZwaxCg4sNIDj6FLucDab2JxnHwyNTCpHMtK1MjoQiWQ6DiUMZYbSrO+Sw=="
  "resolved" "https://registry.npmjs.org/util/-/util-0.12.4.tgz"
  "version" "0.12.4"
  dependencies:
    "inherits" "^2.0.3"
    "is-arguments" "^1.0.4"
    "is-generator-function" "^1.0.7"
    "is-typed-array" "^1.1.3"
    "safe-buffer" "^5.1.2"
    "which-typed-array" "^1.1.2"

"w3c-keyname@^2.2.4":
  "integrity" "sha512-tOhfEwEzFLJzf6d1ZPkYfGj+FWhIpBux9ppoP3rlclw3Z0BZv3N7b7030Z1kYth+6rDuAsXUFr+d0VE6Ed1ikw=="
  "resolved" "https://registry.npmjs.org/w3c-keyname/-/w3c-keyname-2.2.4.tgz"
  "version" "2.2.4"

"web-vitals@^0.2.4":
  "integrity" "sha512-6BjspCO9VriYy12z356nL6JBS0GYeEcA457YyRzD+dD6XYCQ75NKhcOHUMHentOE7OcVCIXXDvOm0jKFfQG2Gg=="
  "resolved" "https://registry.npmjs.org/web-vitals/-/web-vitals-0.2.4.tgz"
  "version" "0.2.4"

"which-boxed-primitive@^1.0.2":
  "integrity" "sha512-bwZdv0AKLpplFY2KZRX6TvyuN7ojjr7lwkg6ml0roIy9YeuSr7JS372qlNW18UQYzgYK9ziGcerWqZOmEn9VNg=="
  "resolved" "https://registry.npmjs.org/which-boxed-primitive/-/which-boxed-primitive-1.0.2.tgz"
  "version" "1.0.2"
  dependencies:
    "is-bigint" "^1.0.1"
    "is-boolean-object" "^1.1.0"
    "is-number-object" "^1.0.4"
    "is-string" "^1.0.5"
    "is-symbol" "^1.0.3"

"which-typed-array@^1.1.2":
  "integrity" "sha512-vjxaB4nfDqwKI0ws7wZpxIlde1XrLX5uB0ZjpfshgmapJMD7jJWhZI+yToJTqaFByF0eNBcYxbjmCzoRP7CfEw=="
  "resolved" "https://registry.npmjs.org/which-typed-array/-/which-typed-array-1.1.7.tgz"
  "version" "1.1.7"
  dependencies:
    "available-typed-arrays" "^1.0.5"
    "call-bind" "^1.0.2"
    "es-abstract" "^1.18.5"
    "foreach" "^2.0.5"
    "has-tostringtag" "^1.0.0"
    "is-typed-array" "^1.1.7"
